
Microsoft Visual Studio Solution File, Format Version 12.00
# Visual Studio Version 17
VisualStudioVersion = 17.10.35013.160
MinimumVisualStudioVersion = 10.0.40219.1
Project("{FAE04EC0-301F-11D3-BF4B-00C04F79EFBC}") = "SerialPrinterTesting", "SerialPrinterTesting\SerialPrinterTesting.csproj", "{EC69AC35-D2EE-43B4-8BC7-8660CA8DB38B}"
EndProject
Global
	GlobalSection(SolutionConfigurationPlatforms) = preSolution
		Debug|Any CPU = Debug|Any CPU
		Release|Any CPU = Release|Any CPU
	EndGlobalSection
	GlobalSection(ProjectConfigurationPlatforms) = postSolution
		{EC69AC35-D2EE-43B4-8BC7-8660CA8DB38B}.Debug|Any CPU.ActiveCfg = Debug|Any CPU
		{EC69AC35-D2EE-43B4-8BC7-8660CA8DB38B}.Debug|Any CPU.Build.0 = Debug|Any CPU
		{EC69AC35-D2EE-43B4-8BC7-8660CA8DB38B}.Release|Any CPU.ActiveCfg = Release|Any CPU
		{EC69AC35-D2EE-43B4-8BC7-8660CA8DB38B}.Release|Any CPU.Build.0 = Release|Any CPU
	EndGlobalSection
	GlobalSection(SolutionProperties) = preSolution
		HideSolutionNode = FALSE
	EndGlobalSection
	GlobalSection(ExtensibilityGlobals) = postSolution
		SolutionGuid = {827A51A0-9166-4258-89DE-40B4EB526AF1}
	EndGlobalSection
EndGlobal
